// !$*UTF8*$!
{
	archiveVersion = 1;
	classes = {
	};
	objectVersion = 46;
	objects = {

/* Begin PBXBuildFile section */
		1E2CF49619E602850032A5D4 /* ToneViewController.swift in Sources */ = {isa = PBXBuildFile; fileRef = 1E2CF49519E602850032A5D4 /* ToneViewController.swift */; };
		1E380ECC19E561E5007EA3D5 /* AudioController.m in Sources */ = {isa = PBXBuildFile; fileRef = 1E380ECB19E561E5007EA3D5 /* AudioController.m */; };
		1E380ECF19E56261007EA3D5 /* PitchDetector.m in Sources */ = {isa = PBXBuildFile; fileRef = 1E380ECE19E56261007EA3D5 /* PitchDetector.m */; };
		1E65925919B2248E00EA9953 /* AppDelegate.swift in Sources */ = {isa = PBXBuildFile; fileRef = 1E65925819B2248E00EA9953 /* AppDelegate.swift */; };
		1E65925B19B2248E00EA9953 /* ViewController.swift in Sources */ = {isa = PBXBuildFile; fileRef = 1E65925A19B2248E00EA9953 /* ViewController.swift */; };
		1E65925E19B2248E00EA9953 /* Main.storyboard in Resources */ = {isa = PBXBuildFile; fileRef = 1E65925C19B2248E00EA9953 /* Main.storyboard */; };
		1E65926019B2248E00EA9953 /* Images.xcassets in Resources */ = {isa = PBXBuildFile; fileRef = 1E65925F19B2248E00EA9953 /* Images.xcassets */; };
		1E65926C19B2248E00EA9953 /* OtamaTuneTests.swift in Sources */ = {isa = PBXBuildFile; fileRef = 1E65926B19B2248E00EA9953 /* OtamaTuneTests.swift */; };
		1E65927819B2251B00EA9953 /* AudioToolbox.framework in Frameworks */ = {isa = PBXBuildFile; fileRef = 1E65927719B2251B00EA9953 /* AudioToolbox.framework */; };
		1E65927D19B226B600EA9953 /* AVFoundation.framework in Frameworks */ = {isa = PBXBuildFile; fileRef = 1E65927C19B226B600EA9953 /* AVFoundation.framework */; };
		1E65928419B32A6F00EA9953 /* Accelerate.framework in Frameworks */ = {isa = PBXBuildFile; fileRef = 1E65928319B32A6F00EA9953 /* Accelerate.framework */; };
		1E7C4A4C19E50D1800E7C625 /* TuningViewController.swift in Sources */ = {isa = PBXBuildFile; fileRef = 1E7C4A4B19E50D1800E7C625 /* TuningViewController.swift */; };
		1E872CFF19ECA77100104A85 /* PitchDetectBaseViewController.swift in Sources */ = {isa = PBXBuildFile; fileRef = 1E872CFE19ECA77100104A85 /* PitchDetectBaseViewController.swift */; };
/* End PBXBuildFile section */

/* Begin PBXContainerItemProxy section */
		1E65926619B2248E00EA9953 /* PBXContainerItemProxy */ = {
			isa = PBXContainerItemProxy;
			containerPortal = 1E65924B19B2248E00EA9953 /* Project object */;
			proxyType = 1;
			remoteGlobalIDString = 1E65925219B2248E00EA9953;
			remoteInfo = OtamaTune;
		};
/* End PBXContainerItemProxy section */

/* Begin PBXFileReference section */
		1E2CF49519E602850032A5D4 /* ToneViewController.swift */ = {isa = PBXFileReference; fileEncoding = 4; lastKnownFileType = sourcecode.swift; path = ToneViewController.swift; sourceTree = "<group>"; };
		1E380ECA19E561E5007EA3D5 /* AudioController.h */ = {isa = PBXFileReference; fileEncoding = 4; lastKnownFileType = sourcecode.c.h; path = AudioController.h; sourceTree = "<group>"; };
		1E380ECB19E561E5007EA3D5 /* AudioController.m */ = {isa = PBXFileReference; fileEncoding = 4; lastKnownFileType = sourcecode.c.objc; path = AudioController.m; sourceTree = "<group>"; };
		1E380ECD19E56261007EA3D5 /* PitchDetector.h */ = {isa = PBXFileReference; fileEncoding = 4; lastKnownFileType = sourcecode.c.h; path = PitchDetector.h; sourceTree = "<group>"; };
		1E380ECE19E56261007EA3D5 /* PitchDetector.m */ = {isa = PBXFileReference; fileEncoding = 4; lastKnownFileType = sourcecode.c.objc; path = PitchDetector.m; sourceTree = "<group>"; };
		1E65925319B2248E00EA9953 /* OtamaTune.app */ = {isa = PBXFileReference; explicitFileType = wrapper.application; includeInIndex = 0; path = OtamaTune.app; sourceTree = BUILT_PRODUCTS_DIR; };
		1E65925719B2248E00EA9953 /* Info.plist */ = {isa = PBXFileReference; lastKnownFileType = text.plist.xml; path = Info.plist; sourceTree = "<group>"; };
		1E65925819B2248E00EA9953 /* AppDelegate.swift */ = {isa = PBXFileReference; lastKnownFileType = sourcecode.swift; path = AppDelegate.swift; sourceTree = "<group>"; };
		1E65925A19B2248E00EA9953 /* ViewController.swift */ = {isa = PBXFileReference; lastKnownFileType = sourcecode.swift; path = ViewController.swift; sourceTree = "<group>"; };
		1E65925D19B2248E00EA9953 /* Base */ = {isa = PBXFileReference; lastKnownFileType = file.storyboard; name = Base; path = Base.lproj/Main.storyboard; sourceTree = "<group>"; };
		1E65925F19B2248E00EA9953 /* Images.xcassets */ = {isa = PBXFileReference; lastKnownFileType = folder.assetcatalog; path = Images.xcassets; sourceTree = "<group>"; };
		1E65926519B2248E00EA9953 /* OtamaTuneTests.xctest */ = {isa = PBXFileReference; explicitFileType = wrapper.cfbundle; includeInIndex = 0; path = OtamaTuneTests.xctest; sourceTree = BUILT_PRODUCTS_DIR; };
		1E65926A19B2248E00EA9953 /* Info.plist */ = {isa = PBXFileReference; lastKnownFileType = text.plist.xml; path = Info.plist; sourceTree = "<group>"; };
		1E65926B19B2248E00EA9953 /* OtamaTuneTests.swift */ = {isa = PBXFileReference; lastKnownFileType = sourcecode.swift; path = OtamaTuneTests.swift; sourceTree = "<group>"; };
		1E65927719B2251B00EA9953 /* AudioToolbox.framework */ = {isa = PBXFileReference; lastKnownFileType = wrapper.framework; name = AudioToolbox.framework; path = System/Library/Frameworks/AudioToolbox.framework; sourceTree = SDKROOT; };
		1E65927919B2257E00EA9953 /* OtamaTune-Bridging-Header.h */ = {isa = PBXFileReference; lastKnownFileType = sourcecode.c.h; path = "OtamaTune-Bridging-Header.h"; sourceTree = SOURCE_ROOT; };
		1E65927C19B226B600EA9953 /* AVFoundation.framework */ = {isa = PBXFileReference; lastKnownFileType = wrapper.framework; name = AVFoundation.framework; path = System/Library/Frameworks/AVFoundation.framework; sourceTree = SDKROOT; };
		1E65928319B32A6F00EA9953 /* Accelerate.framework */ = {isa = PBXFileReference; lastKnownFileType = wrapper.framework; name = Accelerate.framework; path = System/Library/Frameworks/Accelerate.framework; sourceTree = SDKROOT; };
		1E7C4A4B19E50D1800E7C625 /* TuningViewController.swift */ = {isa = PBXFileReference; fileEncoding = 4; lastKnownFileType = sourcecode.swift; path = TuningViewController.swift; sourceTree = "<group>"; };
		1E872CFE19ECA77100104A85 /* PitchDetectBaseViewController.swift */ = {isa = PBXFileReference; fileEncoding = 4; lastKnownFileType = sourcecode.swift; path = PitchDetectBaseViewController.swift; sourceTree = "<group>"; };
/* End PBXFileReference section */

/* Begin PBXFrameworksBuildPhase section */
		1E65925019B2248E00EA9953 /* Frameworks */ = {
			isa = PBXFrameworksBuildPhase;
			buildActionMask = 2147483647;
			files = (
				1E65928419B32A6F00EA9953 /* Accelerate.framework in Frameworks */,
				1E65927D19B226B600EA9953 /* AVFoundation.framework in Frameworks */,
				1E65927819B2251B00EA9953 /* AudioToolbox.framework in Frameworks */,
			);
			runOnlyForDeploymentPostprocessing = 0;
		};
		1E65926219B2248E00EA9953 /* Frameworks */ = {
			isa = PBXFrameworksBuildPhase;
			buildActionMask = 2147483647;
			files = (
			);
			runOnlyForDeploymentPostprocessing = 0;
		};
/* End PBXFrameworksBuildPhase section */

/* Begin PBXGroup section */
		1E65924A19B2248E00EA9953 = {
			isa = PBXGroup;
			children = (
				1E65928319B32A6F00EA9953 /* Accelerate.framework */,
				1E65927C19B226B600EA9953 /* AVFoundation.framework */,
				1E65927719B2251B00EA9953 /* AudioToolbox.framework */,
				1E65925519B2248E00EA9953 /* OtamaTune */,
				1E65926819B2248E00EA9953 /* OtamaTuneTests */,
				1E65925419B2248E00EA9953 /* Products */,
			);
			sourceTree = "<group>";
		};
		1E65925419B2248E00EA9953 /* Products */ = {
			isa = PBXGroup;
			children = (
				1E65925319B2248E00EA9953 /* OtamaTune.app */,
				1E65926519B2248E00EA9953 /* OtamaTuneTests.xctest */,
			);
			name = Products;
			sourceTree = "<group>";
		};
		1E65925519B2248E00EA9953 /* OtamaTune */ = {
			isa = PBXGroup;
			children = (
				1E65925819B2248E00EA9953 /* AppDelegate.swift */,
				1E380ECA19E561E5007EA3D5 /* AudioController.h */,
				1E380ECB19E561E5007EA3D5 /* AudioController.m */,
				1E380ECD19E56261007EA3D5 /* PitchDetector.h */,
				1E380ECE19E56261007EA3D5 /* PitchDetector.m */,
				1E872CFE19ECA77100104A85 /* PitchDetectBaseViewController.swift */,
				1E65925A19B2248E00EA9953 /* ViewController.swift */,
				1E7C4A4B19E50D1800E7C625 /* TuningViewController.swift */,
				1E2CF49519E602850032A5D4 /* ToneViewController.swift */,
				1E65925C19B2248E00EA9953 /* Main.storyboard */,
				1E65927919B2257E00EA9953 /* OtamaTune-Bridging-Header.h */,
				1E65925F19B2248E00EA9953 /* Images.xcassets */,
				1E65925619B2248E00EA9953 /* Supporting Files */,
			);
			path = OtamaTune;
			sourceTree = "<group>";
		};
		1E65925619B2248E00EA9953 /* Supporting Files */ = {
			isa = PBXGroup;
			children = (
				1E65925719B2248E00EA9953 /* Info.plist */,
			);
			name = "Supporting Files";
			sourceTree = "<group>";
		};
		1E65926819B2248E00EA9953 /* OtamaTuneTests */ = {
			isa = PBXGroup;
			children = (
				1E65926B19B2248E00EA9953 /* OtamaTuneTests.swift */,
				1E65926919B2248E00EA9953 /* Supporting Files */,
			);
			path = OtamaTuneTests;
			sourceTree = "<group>";
		};
		1E65926919B2248E00EA9953 /* Supporting Files */ = {
			isa = PBXGroup;
			children = (
				1E65926A19B2248E00EA9953 /* Info.plist */,
			);
			name = "Supporting Files";
			sourceTree = "<group>";
		};
/* End PBXGroup section */

/* Begin PBXNativeTarget section */
		1E65925219B2248E00EA9953 /* OtamaTune */ = {
			isa = PBXNativeTarget;
			buildConfigurationList = 1E65926F19B2248E00EA9953 /* Build configuration list for PBXNativeTarget "OtamaTune" */;
			buildPhases = (
				1E65924F19B2248E00EA9953 /* Sources */,
				1E65925019B2248E00EA9953 /* Frameworks */,
				1E65925119B2248E00EA9953 /* Resources */,
			);
			buildRules = (
			);
			dependencies = (
			);
			name = OtamaTune;
			productName = OtamaTune;
			productReference = 1E65925319B2248E00EA9953 /* OtamaTune.app */;
			productType = "com.apple.product-type.application";
		};
		1E65926419B2248E00EA9953 /* OtamaTuneTests */ = {
			isa = PBXNativeTarget;
			buildConfigurationList = 1E65927219B2248E00EA9953 /* Build configuration list for PBXNativeTarget "OtamaTuneTests" */;
			buildPhases = (
				1E65926119B2248E00EA9953 /* Sources */,
				1E65926219B2248E00EA9953 /* Frameworks */,
				1E65926319B2248E00EA9953 /* Resources */,
			);
			buildRules = (
			);
			dependencies = (
				1E65926719B2248E00EA9953 /* PBXTargetDependency */,
			);
			name = OtamaTuneTests;
			productName = OtamaTuneTests;
			productReference = 1E65926519B2248E00EA9953 /* OtamaTuneTests.xctest */;
			productType = "com.apple.product-type.bundle.unit-test";
		};
/* End PBXNativeTarget section */

/* Begin PBXProject section */
		1E65924B19B2248E00EA9953 /* Project object */ = {
			isa = PBXProject;
			attributes = {
				LastUpgradeCheck = 0600;
				ORGANIZATIONNAME = Kouki;
				TargetAttributes = {
					1E65925219B2248E00EA9953 = {
						CreatedOnToolsVersion = 6.0;
					};
					1E65926419B2248E00EA9953 = {
						CreatedOnToolsVersion = 6.0;
						TestTargetID = 1E65925219B2248E00EA9953;
					};
				};
			};
			buildConfigurationList = 1E65924E19B2248E00EA9953 /* Build configuration list for PBXProject "OtamaTune" */;
			compatibilityVersion = "Xcode 3.2";
			developmentRegion = English;
			hasScannedForEncodings = 0;
			knownRegions = (
				en,
				Base,
			);
			mainGroup = 1E65924A19B2248E00EA9953;
			productRefGroup = 1E65925419B2248E00EA9953 /* Products */;
			projectDirPath = "";
			projectRoot = "";
			targets = (
				1E65925219B2248E00EA9953 /* OtamaTune */,
				1E65926419B2248E00EA9953 /* OtamaTuneTests */,
			);
		};
/* End PBXProject section */

/* Begin PBXResourcesBuildPhase section */
		1E65925119B2248E00EA9953 /* Resources */ = {
			isa = PBXResourcesBuildPhase;
			buildActionMask = 2147483647;
			files = (
				1E65925E19B2248E00EA9953 /* Main.storyboard in Resources */,
				1E65926019B2248E00EA9953 /* Images.xcassets in Resources */,
			);
			runOnlyForDeploymentPostprocessing = 0;
		};
		1E65926319B2248E00EA9953 /* Resources */ = {
			isa = PBXResourcesBuildPhase;
			buildActionMask = 2147483647;
			files = (
			);
			runOnlyForDeploymentPostprocessing = 0;
		};
/* End PBXResourcesBuildPhase section */

/* Begin PBXSourcesBuildPhase section */
		1E65924F19B2248E00EA9953 /* Sources */ = {
			isa = PBXSourcesBuildPhase;
			buildActionMask = 2147483647;
			files = (
				1E2CF49619E602850032A5D4 /* ToneViewController.swift in Sources */,
				1E380ECC19E561E5007EA3D5 /* AudioController.m in Sources */,
				1E65925B19B2248E00EA9953 /* ViewController.swift in Sources */,
				1E65925919B2248E00EA9953 /* AppDelegate.swift in Sources */,
				1E872CFF19ECA77100104A85 /* PitchDetectBaseViewController.swift in Sources */,
				1E7C4A4C19E50D1800E7C625 /* TuningViewController.swift in Sources */,
				1E380ECF19E56261007EA3D5 /* PitchDetector.m in Sources */,
			);
			runOnlyForDeploymentPostprocessing = 0;
		};
		1E65926119B2248E00EA9953 /* Sources */ = {
			isa = PBXSourcesBuildPhase;
			buildActionMask = 2147483647;
			files = (
				1E65926C19B2248E00EA9953 /* OtamaTuneTests.swift in Sources */,
			);
			runOnlyForDeploymentPostprocessing = 0;
		};
/* End PBXSourcesBuildPhase section */

/* Begin PBXTargetDependency section */
		1E65926719B2248E00EA9953 /* PBXTargetDependency */ = {
			isa = PBXTargetDependency;
			target = 1E65925219B2248E00EA9953 /* OtamaTune */;
			targetProxy = 1E65926619B2248E00EA9953 /* PBXContainerItemProxy */;
		};
/* End PBXTargetDependency section */

/* Begin PBXVariantGroup section */
		1E65925C19B2248E00EA9953 /* Main.storyboard */ = {
			isa = PBXVariantGroup;
			children = (
				1E65925D19B2248E00EA9953 /* Base */,
			);
			name = Main.storyboard;
			sourceTree = "<group>";
		};
/* End PBXVariantGroup section */

/* Begin XCBuildConfiguration section */
		1E65926D19B2248E00EA9953 /* Debug */ = {
			isa = XCBuildConfiguration;
			buildSettings = {
				ALWAYS_SEARCH_USER_PATHS = NO;
				CLANG_CXX_LANGUAGE_STANDARD = "gnu++0x";
				CLANG_CXX_LIBRARY = "libc++";
				CLANG_ENABLE_MODULES = YES;
				CLANG_ENABLE_OBJC_ARC = YES;
				CLANG_WARN_BOOL_CONVERSION = YES;
				CLANG_WARN_CONSTANT_CONVERSION = YES;
				CLANG_WARN_DIRECT_OBJC_ISA_USAGE = YES_ERROR;
				CLANG_WARN_EMPTY_BODY = YES;
				CLANG_WARN_ENUM_CONVERSION = YES;
				CLANG_WARN_INT_CONVERSION = YES;
				CLANG_WARN_OBJC_ROOT_CLASS = YES_ERROR;
				CLANG_WARN_UNREACHABLE_CODE = YES;
				CLANG_WARN__DUPLICATE_METHOD_MATCH = YES;
				"CODE_SIGN_IDENTITY[sdk=iphoneos*]" = "iPhone Developer";
				COPY_PHASE_STRIP = NO;
				ENABLE_STRICT_OBJC_MSGSEND = YES;
				GCC_C_LANGUAGE_STANDARD = gnu99;
				GCC_DYNAMIC_NO_PIC = NO;
				GCC_OPTIMIZATION_LEVEL = 0;
				GCC_PREPROCESSOR_DEFINITIONS = (
					"DEBUG=1",
					"$(inherited)",
				);
				GCC_SYMBOLS_PRIVATE_EXTERN = NO;
				GCC_WARN_64_TO_32_BIT_CONVERSION = YES;
				GCC_WARN_ABOUT_RETURN_TYPE = YES_ERROR;
				GCC_WARN_UNDECLARED_SELECTOR = YES;
				GCC_WARN_UNINITIALIZED_AUTOS = YES_AGGRESSIVE;
				GCC_WARN_UNUSED_FUNCTION = YES;
				GCC_WARN_UNUSED_VARIABLE = YES;
				IPHONEOS_DEPLOYMENT_TARGET = 8.0;
				MTL_ENABLE_DEBUG_INFO = YES;
				ONLY_ACTIVE_ARCH = YES;
				SDKROOT = iphoneos;
				SWIFT_OPTIMIZATION_LEVEL = "-Onone";
				TARGETED_DEVICE_FAMILY = 2;
			};
			name = Debug;
		};
		1E65926E19B2248E00EA9953 /* Release */ = {
			isa = XCBuildConfiguration;
			buildSettings = {
				ALWAYS_SEARCH_USER_PATHS = NO;
				CLANG_CXX_LANGUAGE_STANDARD = "gnu++0x";
				CLANG_CXX_LIBRARY = "libc++";
				CLANG_ENABLE_MODULES = YES;
				CLANG_ENABLE_OBJC_ARC = YES;
				CLANG_WARN_BOOL_CONVERSION = YES;
				CLANG_WARN_CONSTANT_CONVERSION = YES;
				CLANG_WARN_DIRECT_OBJC_ISA_USAGE = YES_ERROR;
				CLANG_WARN_EMPTY_BODY = YES;
				CLANG_WARN_ENUM_CONVERSION = YES;
				CLANG_WARN_INT_CONVERSION = YES;
				CLANG_WARN_OBJC_ROOT_CLASS = YES_ERROR;
				CLANG_WARN_UNREACHABLE_CODE = YES;
				CLANG_WARN__DUPLICATE_METHOD_MATCH = YES;
				"CODE_SIGN_IDENTITY[sdk=iphoneos*]" = "iPhone Developer";
				COPY_PHASE_STRIP = YES;
				ENABLE_NS_ASSERTIONS = NO;
				ENABLE_STRICT_OBJC_MSGSEND = YES;
				GCC_C_LANGUAGE_STANDARD = gnu99;
				GCC_WARN_64_TO_32_BIT_CONVERSION = YES;
				GCC_WARN_ABOUT_RETURN_TYPE = YES_ERROR;
				GCC_WARN_UNDECLARED_SELECTOR = YES;
				GCC_WARN_UNINITIALIZED_AUTOS = YES_AGGRESSIVE;
				GCC_WARN_UNUSED_FUNCTION = YES;
				GCC_WARN_UNUSED_VARIABLE = YES;
				IPHONEOS_DEPLOYMENT_TARGET = 8.0;
				MTL_ENABLE_DEBUG_INFO = NO;
				SDKROOT = iphoneos;
				TARGETED_DEVICE_FAMILY = 2;
				VALIDATE_PRODUCT = YES;
			};
			name = Release;
		};
		1E65927019B2248E00EA9953 /* Debug */ = {
			isa = XCBuildConfiguration;
			buildSettings = {
				ASSETCATALOG_COMPILER_APPICON_NAME = AppIcon;
				ASSETCATALOG_COMPILER_LAUNCHIMAGE_NAME = LaunchImage;
				CLANG_ENABLE_MODULES = YES;
				INFOPLIST_FILE = OtamaTune/Info.plist;
				LD_RUNPATH_SEARCH_PATHS = "$(inherited) @executable_path/Frameworks";
				PRODUCT_NAME = "$(TARGET_NAME)";
				SWIFT_OBJC_BRIDGING_HEADER = "OtamaTune-Bridging-Header.h";
				SWIFT_OPTIMIZATION_LEVEL = "-Onone";
			};
			name = Debug;
		};
		1E65927119B2248E00EA9953 /* Release */ = {
			isa = XCBuildConfiguration;
			buildSettings = {
				ASSETCATALOG_COMPILER_APPICON_NAME = AppIcon;
				ASSETCATALOG_COMPILER_LAUNCHIMAGE_NAME = LaunchImage;
				CLANG_ENABLE_MODULES = YES;
				INFOPLIST_FILE = OtamaTune/Info.plist;
				LD_RUNPATH_SEARCH_PATHS = "$(inherited) @executable_path/Frameworks";
				PRODUCT_NAME = "$(TARGET_NAME)";
				SWIFT_OBJC_BRIDGING_HEADER = "OtamaTune-Bridging-Header.h";
			};
			name = Release;
		};
		1E65927319B2248E00EA9953 /* Debug */ = {
			isa = XCBuildConfiguration;
			buildSettings = {
				BUNDLE_LOADER = "$(TEST_HOST)";
				FRAMEWORK_SEARCH_PATHS = (
					"$(SDKROOT)/Developer/Library/Frameworks",
					"$(inherited)",
				);
				GCC_PREPROCESSOR_DEFINITIONS = (
					"DEBUG=1",
					"$(inherited)",
				);
				INFOPLIST_FILE = OtamaTuneTests/Info.plist;
				LD_RUNPATH_SEARCH_PATHS = "$(inherited) @executable_path/Frameworks @loader_path/Frameworks";
				PRODUCT_NAME = "$(TARGET_NAME)";
				TEST_HOST = "$(BUILT_PRODUCTS_DIR)/OtamaTune.app/OtamaTune";
			};
			name = Debug;
		};
		1E65927419B2248E00EA9953 /* Release */ = {
			isa = XCBuildConfiguration;
			buildSettings = {
				BUNDLE_LOADER = "$(TEST_HOST)";
				FRAMEWORK_SEARCH_PATHS = (
					"$(SDKROOT)/Developer/Library/Frameworks",
					"$(inherited)",
				);
				INFOPLIST_FILE = OtamaTuneTests/Info.plist;
				LD_RUNPATH_SEARCH_PATHS = "$(inherited) @executable_path/Frameworks @loader_path/Frameworks";
				PRODUCT_NAME = "$(TARGET_NAME)";
				TEST_HOST = "$(BUILT_PRODUCTS_DIR)/OtamaTune.app/OtamaTune";
			};
			name = Release;
		};
/* End XCBuildConfiguration section */

/* Begin XCConfigurationList section */
		1E65924E19B2248E00EA9953 /* Build configuration list for PBXProject "OtamaTune" */ = {
			isa = XCConfigurationList;
			buildConfigurations = (
				1E65926D19B2248E00EA9953 /* Debug */,
				1E65926E19B2248E00EA9953 /* Release */,
			);
			defaultConfigurationIsVisible = 0;
			defaultConfigurationName = Release;
		};
		1E65926F19B2248E00EA9953 /* Build configuration list for PBXNativeTarget "OtamaTune" */ = {
			isa = XCConfigurationList;
			buildConfigurations = (
				1E65927019B2248E00EA9953 /* Debug */,
				1E65927119B2248E00EA9953 /* Release */,
			);
			defaultConfigurationIsVisible = 0;
			defaultConfigurationName = Release;
		};
		1E65927219B2248E00EA9953 /* Build configuration list for PBXNativeTarget "OtamaTuneTests" */ = {
			isa = XCConfigurationList;
			buildConfigurations = (
				1E65927319B2248E00EA9953 /* Debug */,
				1E65927419B2248E00EA9953 /* Release */,
			);
			defaultConfigurationIsVisible = 0;
			defaultConfigurationName = Release;
		};
/* End XCConfigurationList section */
	};
	rootObject = 1E65924B19B2248E00EA9953 /* Project object */;
}
